// !$*UTF8*$!
{
	archiveVersion = 1;
	classes = {
	};
	objectVersion = 50;
	objects = {

/* Begin PBXBuildFile section */
		1263A48A20CE5290001143B4 /* KW_AppDelegateModule.m in Sources */ = {isa = PBXBuildFile; fileRef = 1263A48920CE5290001143B4 /* KW_AppDelegateModule.m */; };
		1263A48C20CE5670001143B4 /* KW_Modules.plist in Resources */ = {isa = PBXBuildFile; fileRef = 1263A48B20CE5670001143B4 /* KW_Modules.plist */; };
		1263A48F20CE5910001143B4 /* KW_NotificationModule.m in Sources */ = {isa = PBXBuildFile; fileRef = 1263A48E20CE5910001143B4 /* KW_NotificationModule.m */; };
		1263A49220CE5920001143B4 /* KW_AppVersionModule.m in Sources */ = {isa = PBXBuildFile; fileRef = 1263A49120CE5920001143B4 /* KW_AppVersionModule.m */; };
		1263A49520CE5939001143B4 /* KW_UserLocationModule.m in Sources */ = {isa = PBXBuildFile; fileRef = 1263A49420CE5939001143B4 /* KW_UserLocationModule.m */; };
		1263A49820CE5CD1001143B4 /* KW_ThirdPlatformModule.m in Sources */ = {isa = PBXBuildFile; fileRef = 1263A49720CE5CD1001143B4 /* KW_ThirdPlatformModule.m */; };
		1263A49B20CE5D07001143B4 /* KW_BaseModule.m in Sources */ = {isa = PBXBuildFile; fileRef = 1263A49A20CE5D07001143B4 /* KW_BaseModule.m */; };
		128C9B6620CA6C6300993B9B /* NSArray+KW_SafeArray.m in Sources */ = {isa = PBXBuildFile; fileRef = 128C9B6520CA6C6300993B9B /* NSArray+KW_SafeArray.m */; };
		128C9B6920CA6CC800993B9B /* NSObject+KW_MethodSwizzling.m in Sources */ = {isa = PBXBuildFile; fileRef = 128C9B6820CA6CC800993B9B /* NSObject+KW_MethodSwizzling.m */; };
		128C9B6C20CA6D2B00993B9B /* NSDictionary+KW_SafeDictionary.m in Sources */ = {isa = PBXBuildFile; fileRef = 128C9B6B20CA6D2B00993B9B /* NSDictionary+KW_SafeDictionary.m */; };
		129E4B1520BF95100032DCA0 /* AppDelegate.m in Sources */ = {isa = PBXBuildFile; fileRef = 129E4B1420BF95100032DCA0 /* AppDelegate.m */; };
		129E4B1820BF95100032DCA0 /* ViewController.m in Sources */ = {isa = PBXBuildFile; fileRef = 129E4B1720BF95100032DCA0 /* ViewController.m */; };
		129E4B1B20BF95100032DCA0 /* Main.storyboard in Resources */ = {isa = PBXBuildFile; fileRef = 129E4B1920BF95100032DCA0 /* Main.storyboard */; };
		129E4B1D20BF95120032DCA0 /* Assets.xcassets in Resources */ = {isa = PBXBuildFile; fileRef = 129E4B1C20BF95120032DCA0 /* Assets.xcassets */; };
		129E4B2020BF95120032DCA0 /* LaunchScreen.storyboard in Resources */ = {isa = PBXBuildFile; fileRef = 129E4B1E20BF95120032DCA0 /* LaunchScreen.storyboard */; };
		129E4B2320BF95120032DCA0 /* main.m in Sources */ = {isa = PBXBuildFile; fileRef = 129E4B2220BF95120032DCA0 /* main.m */; };
		129E4B2D20BF95120032DCA0 /* KW_ExtensionTests.m in Sources */ = {isa = PBXBuildFile; fileRef = 129E4B2C20BF95120032DCA0 /* KW_ExtensionTests.m */; };
		129E4B3820BF95120032DCA0 /* KW_ExtensionUITests.m in Sources */ = {isa = PBXBuildFile; fileRef = 129E4B3720BF95120032DCA0 /* KW_ExtensionUITests.m */; };
		129E4B4820BF95610032DCA0 /* KW_Extension.m in Sources */ = {isa = PBXBuildFile; fileRef = 129E4B4720BF95610032DCA0 /* KW_Extension.m */; };
		129E4B4B20BF95E40032DCA0 /* KW_Function.m in Sources */ = {isa = PBXBuildFile; fileRef = 129E4B4A20BF95E40032DCA0 /* KW_Function.m */; };
		129E4B5420BF98940032DCA0 /* UIView+KW_ViewFrame.m in Sources */ = {isa = PBXBuildFile; fileRef = 129E4B5320BF98940032DCA0 /* UIView+KW_ViewFrame.m */; };
		3E26484E20EBBD1C00595655 /* UIView+HXLoadFromNib.m in Sources */ = {isa = PBXBuildFile; fileRef = 3E26484D20EBBD1C00595655 /* UIView+HXLoadFromNib.m */; };
		3E691CB120CFF51E00CC3E29 /* HXMaker.m in Sources */ = {isa = PBXBuildFile; fileRef = 3E691CB020CFF51E00CC3E29 /* HXMaker.m */; };
		3E691CB420D00CFF00CC3E29 /* UIScreen+HXScreen.m in Sources */ = {isa = PBXBuildFile; fileRef = 3E691CB320D00CFF00CC3E29 /* UIScreen+HXScreen.m */; };
/* End PBXBuildFile section */

/* Begin PBXContainerItemProxy section */
		129E4B2920BF95120032DCA0 /* PBXContainerItemProxy */ = {
			isa = PBXContainerItemProxy;
			containerPortal = 129E4B0820BF95100032DCA0 /* Project object */;
			proxyType = 1;
			remoteGlobalIDString = 129E4B0F20BF95100032DCA0;
			remoteInfo = KW_Extension;
		};
		129E4B3420BF95120032DCA0 /* PBXContainerItemProxy */ = {
			isa = PBXContainerItemProxy;
			containerPortal = 129E4B0820BF95100032DCA0 /* Project object */;
			proxyType = 1;
			remoteGlobalIDString = 129E4B0F20BF95100032DCA0;
			remoteInfo = KW_Extension;
		};
/* End PBXContainerItemProxy section */

/* Begin PBXFileReference section */
		1263A48820CE5290001143B4 /* KW_AppDelegateModule.h */ = {isa = PBXFileReference; lastKnownFileType = sourcecode.c.h; path = KW_AppDelegateModule.h; sourceTree = "<group>"; };
		1263A48920CE5290001143B4 /* KW_AppDelegateModule.m */ = {isa = PBXFileReference; lastKnownFileType = sourcecode.c.objc; path = KW_AppDelegateModule.m; sourceTree = "<group>"; };
		1263A48B20CE5670001143B4 /* KW_Modules.plist */ = {isa = PBXFileReference; lastKnownFileType = text.plist.xml; path = KW_Modules.plist; sourceTree = "<group>"; };
		1263A48D20CE5910001143B4 /* KW_NotificationModule.h */ = {isa = PBXFileReference; lastKnownFileType = sourcecode.c.h; path = KW_NotificationModule.h; sourceTree = "<group>"; };
		1263A48E20CE5910001143B4 /* KW_NotificationModule.m */ = {isa = PBXFileReference; lastKnownFileType = sourcecode.c.objc; path = KW_NotificationModule.m; sourceTree = "<group>"; };
		1263A49020CE5920001143B4 /* KW_AppVersionModule.h */ = {isa = PBXFileReference; lastKnownFileType = sourcecode.c.h; path = KW_AppVersionModule.h; sourceTree = "<group>"; };
		1263A49120CE5920001143B4 /* KW_AppVersionModule.m */ = {isa = PBXFileReference; lastKnownFileType = sourcecode.c.objc; path = KW_AppVersionModule.m; sourceTree = "<group>"; };
		1263A49320CE5939001143B4 /* KW_UserLocationModule.h */ = {isa = PBXFileReference; lastKnownFileType = sourcecode.c.h; path = KW_UserLocationModule.h; sourceTree = "<group>"; };
		1263A49420CE5939001143B4 /* KW_UserLocationModule.m */ = {isa = PBXFileReference; lastKnownFileType = sourcecode.c.objc; path = KW_UserLocationModule.m; sourceTree = "<group>"; };
		1263A49620CE5CD1001143B4 /* KW_ThirdPlatformModule.h */ = {isa = PBXFileReference; lastKnownFileType = sourcecode.c.h; path = KW_ThirdPlatformModule.h; sourceTree = "<group>"; };
		1263A49720CE5CD1001143B4 /* KW_ThirdPlatformModule.m */ = {isa = PBXFileReference; lastKnownFileType = sourcecode.c.objc; path = KW_ThirdPlatformModule.m; sourceTree = "<group>"; };
		1263A49920CE5D07001143B4 /* KW_BaseModule.h */ = {isa = PBXFileReference; lastKnownFileType = sourcecode.c.h; path = KW_BaseModule.h; sourceTree = "<group>"; };
		1263A49A20CE5D07001143B4 /* KW_BaseModule.m */ = {isa = PBXFileReference; lastKnownFileType = sourcecode.c.objc; path = KW_BaseModule.m; sourceTree = "<group>"; };
		1263A49C20CE7797001143B4 /* KW_ModuleManager.h */ = {isa = PBXFileReference; lastKnownFileType = sourcecode.c.h; path = KW_ModuleManager.h; sourceTree = "<group>"; };
		128C9B6420CA6C6300993B9B /* NSArray+KW_SafeArray.h */ = {isa = PBXFileReference; lastKnownFileType = sourcecode.c.h; path = "NSArray+KW_SafeArray.h"; sourceTree = "<group>"; };
		128C9B6520CA6C6300993B9B /* NSArray+KW_SafeArray.m */ = {isa = PBXFileReference; lastKnownFileType = sourcecode.c.objc; path = "NSArray+KW_SafeArray.m"; sourceTree = "<group>"; };
		128C9B6720CA6CC800993B9B /* NSObject+KW_MethodSwizzling.h */ = {isa = PBXFileReference; lastKnownFileType = sourcecode.c.h; path = "NSObject+KW_MethodSwizzling.h"; sourceTree = "<group>"; };
		128C9B6820CA6CC800993B9B /* NSObject+KW_MethodSwizzling.m */ = {isa = PBXFileReference; lastKnownFileType = sourcecode.c.objc; path = "NSObject+KW_MethodSwizzling.m"; sourceTree = "<group>"; };
		128C9B6A20CA6D2B00993B9B /* NSDictionary+KW_SafeDictionary.h */ = {isa = PBXFileReference; lastKnownFileType = sourcecode.c.h; path = "NSDictionary+KW_SafeDictionary.h"; sourceTree = "<group>"; };
		128C9B6B20CA6D2B00993B9B /* NSDictionary+KW_SafeDictionary.m */ = {isa = PBXFileReference; lastKnownFileType = sourcecode.c.objc; path = "NSDictionary+KW_SafeDictionary.m"; sourceTree = "<group>"; };
		129E4B1020BF95100032DCA0 /* KW_Extension.app */ = {isa = PBXFileReference; explicitFileType = wrapper.application; includeInIndex = 0; path = KW_Extension.app; sourceTree = BUILT_PRODUCTS_DIR; };
		129E4B1320BF95100032DCA0 /* AppDelegate.h */ = {isa = PBXFileReference; lastKnownFileType = sourcecode.c.h; path = AppDelegate.h; sourceTree = "<group>"; };
		129E4B1420BF95100032DCA0 /* AppDelegate.m */ = {isa = PBXFileReference; lastKnownFileType = sourcecode.c.objc; path = AppDelegate.m; sourceTree = "<group>"; };
		129E4B1620BF95100032DCA0 /* ViewController.h */ = {isa = PBXFileReference; lastKnownFileType = sourcecode.c.h; path = ViewController.h; sourceTree = "<group>"; };
		129E4B1720BF95100032DCA0 /* ViewController.m */ = {isa = PBXFileReference; lastKnownFileType = sourcecode.c.objc; path = ViewController.m; sourceTree = "<group>"; };
		129E4B1A20BF95100032DCA0 /* Base */ = {isa = PBXFileReference; lastKnownFileType = file.storyboard; name = Base; path = Base.lproj/Main.storyboard; sourceTree = "<group>"; };
		129E4B1C20BF95120032DCA0 /* Assets.xcassets */ = {isa = PBXFileReference; lastKnownFileType = folder.assetcatalog; path = Assets.xcassets; sourceTree = "<group>"; };
		129E4B1F20BF95120032DCA0 /* Base */ = {isa = PBXFileReference; lastKnownFileType = file.storyboard; name = Base; path = Base.lproj/LaunchScreen.storyboard; sourceTree = "<group>"; };
		129E4B2120BF95120032DCA0 /* Info.plist */ = {isa = PBXFileReference; lastKnownFileType = text.plist.xml; path = Info.plist; sourceTree = "<group>"; };
		129E4B2220BF95120032DCA0 /* main.m */ = {isa = PBXFileReference; lastKnownFileType = sourcecode.c.objc; path = main.m; sourceTree = "<group>"; };
		129E4B2820BF95120032DCA0 /* KW_ExtensionTests.xctest */ = {isa = PBXFileReference; explicitFileType = wrapper.cfbundle; includeInIndex = 0; path = KW_ExtensionTests.xctest; sourceTree = BUILT_PRODUCTS_DIR; };
		129E4B2C20BF95120032DCA0 /* KW_ExtensionTests.m */ = {isa = PBXFileReference; lastKnownFileType = sourcecode.c.objc; path = KW_ExtensionTests.m; sourceTree = "<group>"; };
		129E4B2E20BF95120032DCA0 /* Info.plist */ = {isa = PBXFileReference; lastKnownFileType = text.plist.xml; path = Info.plist; sourceTree = "<group>"; };
		129E4B3320BF95120032DCA0 /* KW_ExtensionUITests.xctest */ = {isa = PBXFileReference; explicitFileType = wrapper.cfbundle; includeInIndex = 0; path = KW_ExtensionUITests.xctest; sourceTree = BUILT_PRODUCTS_DIR; };
		129E4B3720BF95120032DCA0 /* KW_ExtensionUITests.m */ = {isa = PBXFileReference; lastKnownFileType = sourcecode.c.objc; path = KW_ExtensionUITests.m; sourceTree = "<group>"; };
		129E4B3920BF95120032DCA0 /* Info.plist */ = {isa = PBXFileReference; lastKnownFileType = text.plist.xml; path = Info.plist; sourceTree = "<group>"; };
		129E4B4620BF95610032DCA0 /* KW_Extension.h */ = {isa = PBXFileReference; lastKnownFileType = sourcecode.c.h; path = KW_Extension.h; sourceTree = "<group>"; };
		129E4B4720BF95610032DCA0 /* KW_Extension.m */ = {isa = PBXFileReference; lastKnownFileType = sourcecode.c.objc; path = KW_Extension.m; sourceTree = "<group>"; };
		129E4B4920BF95E40032DCA0 /* KW_Function.h */ = {isa = PBXFileReference; lastKnownFileType = sourcecode.c.h; path = KW_Function.h; sourceTree = "<group>"; };
		129E4B4A20BF95E40032DCA0 /* KW_Function.m */ = {isa = PBXFileReference; lastKnownFileType = sourcecode.c.objc; path = KW_Function.m; sourceTree = "<group>"; };
		129E4B5220BF98940032DCA0 /* UIView+KW_ViewFrame.h */ = {isa = PBXFileReference; lastKnownFileType = sourcecode.c.h; path = "UIView+KW_ViewFrame.h"; sourceTree = "<group>"; };
		129E4B5320BF98940032DCA0 /* UIView+KW_ViewFrame.m */ = {isa = PBXFileReference; lastKnownFileType = sourcecode.c.objc; path = "UIView+KW_ViewFrame.m"; sourceTree = "<group>"; };
		3E26484820EBBA4E00595655 /* HXExtensionHeader.h */ = {isa = PBXFileReference; lastKnownFileType = sourcecode.c.h; path = HXExtensionHeader.h; sourceTree = "<group>"; };
		3E26484C20EBBD1C00595655 /* UIView+HXLoadFromNib.h */ = {isa = PBXFileReference; lastKnownFileType = sourcecode.c.h; path = "UIView+HXLoadFromNib.h"; sourceTree = "<group>"; };
		3E26484D20EBBD1C00595655 /* UIView+HXLoadFromNib.m */ = {isa = PBXFileReference; lastKnownFileType = sourcecode.c.objc; path = "UIView+HXLoadFromNib.m"; sourceTree = "<group>"; };
		3E691CAF20CFF51E00CC3E29 /* HXMaker.h */ = {isa = PBXFileReference; lastKnownFileType = sourcecode.c.h; path = HXMaker.h; sourceTree = "<group>"; };
		3E691CB020CFF51E00CC3E29 /* HXMaker.m */ = {isa = PBXFileReference; lastKnownFileType = sourcecode.c.objc; path = HXMaker.m; sourceTree = "<group>"; };
		3E691CB220D00CFF00CC3E29 /* UIScreen+HXScreen.h */ = {isa = PBXFileReference; lastKnownFileType = sourcecode.c.h; path = "UIScreen+HXScreen.h"; sourceTree = "<group>"; };
		3E691CB320D00CFF00CC3E29 /* UIScreen+HXScreen.m */ = {isa = PBXFileReference; lastKnownFileType = sourcecode.c.objc; path = "UIScreen+HXScreen.m"; sourceTree = "<group>"; };
		3FADABFF20ECC40000CC8476 /* RACEXTScope.h */ = {isa = PBXFileReference; fileEncoding = 4; lastKnownFileType = sourcecode.c.h; path = RACEXTScope.h; sourceTree = "<group>"; };
		3FADAC0020ECC40000CC8476 /* RACmetamacros.h */ = {isa = PBXFileReference; fileEncoding = 4; lastKnownFileType = sourcecode.c.h; path = RACmetamacros.h; sourceTree = "<group>"; };
/* End PBXFileReference section */

/* Begin PBXFrameworksBuildPhase section */
		129E4B0D20BF95100032DCA0 /* Frameworks */ = {
			isa = PBXFrameworksBuildPhase;
			buildActionMask = 2147483647;
			files = (
			);
			runOnlyForDeploymentPostprocessing = 0;
		};
		129E4B2520BF95120032DCA0 /* Frameworks */ = {
			isa = PBXFrameworksBuildPhase;
			buildActionMask = 2147483647;
			files = (
			);
			runOnlyForDeploymentPostprocessing = 0;
		};
		129E4B3020BF95120032DCA0 /* Frameworks */ = {
			isa = PBXFrameworksBuildPhase;
			buildActionMask = 2147483647;
			files = (
			);
			runOnlyForDeploymentPostprocessing = 0;
		};
/* End PBXFrameworksBuildPhase section */

/* Begin PBXGroup section */
		1263A48720CE524A001143B4 /* KW_AppDelegateModule */ = {
			isa = PBXGroup;
			children = (
				1263A48B20CE5670001143B4 /* KW_Modules.plist */,
				1263A49920CE5D07001143B4 /* KW_BaseModule.h */,
				1263A49A20CE5D07001143B4 /* KW_BaseModule.m */,
				1263A49C20CE7797001143B4 /* KW_ModuleManager.h */,
				1263A48820CE5290001143B4 /* KW_AppDelegateModule.h */,
				1263A48920CE5290001143B4 /* KW_AppDelegateModule.m */,
			);
			path = KW_AppDelegateModule;
			sourceTree = "<group>";
		};
		129E4B0720BF95100032DCA0 = {
			isa = PBXGroup;
			children = (
				129E4B1220BF95100032DCA0 /* KW_Extension */,
				129E4B2B20BF95120032DCA0 /* KW_ExtensionTests */,
				129E4B3620BF95120032DCA0 /* KW_ExtensionUITests */,
				129E4B1120BF95100032DCA0 /* Products */,
			);
			sourceTree = "<group>";
		};
		129E4B1120BF95100032DCA0 /* Products */ = {
			isa = PBXGroup;
			children = (
				129E4B1020BF95100032DCA0 /* KW_Extension.app */,
				129E4B2820BF95120032DCA0 /* KW_ExtensionTests.xctest */,
				129E4B3320BF95120032DCA0 /* KW_ExtensionUITests.xctest */,
			);
			name = Products;
			sourceTree = "<group>";
		};
		129E4B1220BF95100032DCA0 /* KW_Extension */ = {
			isa = PBXGroup;
			children = (
				1263A48720CE524A001143B4 /* KW_AppDelegateModule */,
				129E4B4520BF95470032DCA0 /* KW_Extension */,
				129E4B1320BF95100032DCA0 /* AppDelegate.h */,
				129E4B1420BF95100032DCA0 /* AppDelegate.m */,
				129E4B1620BF95100032DCA0 /* ViewController.h */,
				129E4B1720BF95100032DCA0 /* ViewController.m */,
				1263A48D20CE5910001143B4 /* KW_NotificationModule.h */,
				1263A48E20CE5910001143B4 /* KW_NotificationModule.m */,
				1263A49020CE5920001143B4 /* KW_AppVersionModule.h */,
				1263A49120CE5920001143B4 /* KW_AppVersionModule.m */,
				1263A49320CE5939001143B4 /* KW_UserLocationModule.h */,
				1263A49420CE5939001143B4 /* KW_UserLocationModule.m */,
				1263A49620CE5CD1001143B4 /* KW_ThirdPlatformModule.h */,
				1263A49720CE5CD1001143B4 /* KW_ThirdPlatformModule.m */,
				129E4B1920BF95100032DCA0 /* Main.storyboard */,
				129E4B1C20BF95120032DCA0 /* Assets.xcassets */,
				129E4B1E20BF95120032DCA0 /* LaunchScreen.storyboard */,
				129E4B2120BF95120032DCA0 /* Info.plist */,
				129E4B2220BF95120032DCA0 /* main.m */,
			);
			path = KW_Extension;
			sourceTree = "<group>";
		};
		129E4B2B20BF95120032DCA0 /* KW_ExtensionTests */ = {
			isa = PBXGroup;
			children = (
				129E4B2C20BF95120032DCA0 /* KW_ExtensionTests.m */,
				129E4B2E20BF95120032DCA0 /* Info.plist */,
			);
			path = KW_ExtensionTests;
			sourceTree = "<group>";
		};
		129E4B3620BF95120032DCA0 /* KW_ExtensionUITests */ = {
			isa = PBXGroup;
			children = (
				129E4B3720BF95120032DCA0 /* KW_ExtensionUITests.m */,
				129E4B3920BF95120032DCA0 /* Info.plist */,
			);
			path = KW_ExtensionUITests;
			sourceTree = "<group>";
		};
		129E4B4520BF95470032DCA0 /* KW_Extension */ = {
			isa = PBXGroup;
			children = (
				3FADABFE20ECC40000CC8476 /* RACDefine */,
				3E26484820EBBA4E00595655 /* HXExtensionHeader.h */,
				129E4B4620BF95610032DCA0 /* KW_Extension.h */,
				129E4B4720BF95610032DCA0 /* KW_Extension.m */,
				129E4B4920BF95E40032DCA0 /* KW_Function.h */,
				129E4B4A20BF95E40032DCA0 /* KW_Function.m */,
				3E691CAF20CFF51E00CC3E29 /* HXMaker.h */,
				3E691CB020CFF51E00CC3E29 /* HXMaker.m */,
				3E691CB220D00CFF00CC3E29 /* UIScreen+HXScreen.h */,
				3E691CB320D00CFF00CC3E29 /* UIScreen+HXScreen.m */,
				129E4B5220BF98940032DCA0 /* UIView+KW_ViewFrame.h */,
				129E4B5320BF98940032DCA0 /* UIView+KW_ViewFrame.m */,
				3E26484C20EBBD1C00595655 /* UIView+HXLoadFromNib.h */,
				3E26484D20EBBD1C00595655 /* UIView+HXLoadFromNib.m */,
				128C9B6420CA6C6300993B9B /* NSArray+KW_SafeArray.h */,
				128C9B6520CA6C6300993B9B /* NSArray+KW_SafeArray.m */,
				128C9B6A20CA6D2B00993B9B /* NSDictionary+KW_SafeDictionary.h */,
				128C9B6B20CA6D2B00993B9B /* NSDictionary+KW_SafeDictionary.m */,
				128C9B6720CA6CC800993B9B /* NSObject+KW_MethodSwizzling.h */,
				128C9B6820CA6CC800993B9B /* NSObject+KW_MethodSwizzling.m */,
			);
			path = KW_Extension;
			sourceTree = "<group>";
		};
		3FADABFE20ECC40000CC8476 /* RACDefine */ = {
			isa = PBXGroup;
			children = (
				3FADABFF20ECC40000CC8476 /* RACEXTScope.h */,
				3FADAC0020ECC40000CC8476 /* RACmetamacros.h */,
			);
			path = RACDefine;
			sourceTree = "<group>";
		};
/* End PBXGroup section */

/* Begin PBXNativeTarget section */
		129E4B0F20BF95100032DCA0 /* KW_Extension */ = {
			isa = PBXNativeTarget;
			buildConfigurationList = 129E4B3C20BF95120032DCA0 /* Build configuration list for PBXNativeTarget "KW_Extension" */;
			buildPhases = (
				129E4B0C20BF95100032DCA0 /* Sources */,
				129E4B0D20BF95100032DCA0 /* Frameworks */,
				129E4B0E20BF95100032DCA0 /* Resources */,
			);
			buildRules = (
			);
			dependencies = (
			);
			name = KW_Extension;
			productName = KW_Extension;
			productReference = 129E4B1020BF95100032DCA0 /* KW_Extension.app */;
			productType = "com.apple.product-type.application";
		};
		129E4B2720BF95120032DCA0 /* KW_ExtensionTests */ = {
			isa = PBXNativeTarget;
			buildConfigurationList = 129E4B3F20BF95120032DCA0 /* Build configuration list for PBXNativeTarget "KW_ExtensionTests" */;
			buildPhases = (
				129E4B2420BF95120032DCA0 /* Sources */,
				129E4B2520BF95120032DCA0 /* Frameworks */,
				129E4B2620BF95120032DCA0 /* Resources */,
			);
			buildRules = (
			);
			dependencies = (
				129E4B2A20BF95120032DCA0 /* PBXTargetDependency */,
			);
			name = KW_ExtensionTests;
			productName = KW_ExtensionTests;
			productReference = 129E4B2820BF95120032DCA0 /* KW_ExtensionTests.xctest */;
			productType = "com.apple.product-type.bundle.unit-test";
		};
		129E4B3220BF95120032DCA0 /* KW_ExtensionUITests */ = {
			isa = PBXNativeTarget;
			buildConfigurationList = 129E4B4220BF95120032DCA0 /* Build configuration list for PBXNativeTarget "KW_ExtensionUITests" */;
			buildPhases = (
				129E4B2F20BF95120032DCA0 /* Sources */,
				129E4B3020BF95120032DCA0 /* Frameworks */,
				129E4B3120BF95120032DCA0 /* Resources */,
			);
			buildRules = (
			);
			dependencies = (
				129E4B3520BF95120032DCA0 /* PBXTargetDependency */,
			);
			name = KW_ExtensionUITests;
			productName = KW_ExtensionUITests;
			productReference = 129E4B3320BF95120032DCA0 /* KW_ExtensionUITests.xctest */;
			productType = "com.apple.product-type.bundle.ui-testing";
		};
/* End PBXNativeTarget section */

/* Begin PBXProject section */
		129E4B0820BF95100032DCA0 /* Project object */ = {
			isa = PBXProject;
			attributes = {
				LastUpgradeCheck = 0930;
				ORGANIZATIONNAME = Udo;
				TargetAttributes = {
					129E4B0F20BF95100032DCA0 = {
						CreatedOnToolsVersion = 9.3;
					};
					129E4B2720BF95120032DCA0 = {
						CreatedOnToolsVersion = 9.3;
						TestTargetID = 129E4B0F20BF95100032DCA0;
					};
					129E4B3220BF95120032DCA0 = {
						CreatedOnToolsVersion = 9.3;
						TestTargetID = 129E4B0F20BF95100032DCA0;
					};
				};
			};
			buildConfigurationList = 129E4B0B20BF95100032DCA0 /* Build configuration list for PBXProject "KW_Extension" */;
			compatibilityVersion = "Xcode 9.3";
			developmentRegion = en;
			hasScannedForEncodings = 0;
			knownRegions = (
				en,
				Base,
			);
			mainGroup = 129E4B0720BF95100032DCA0;
			productRefGroup = 129E4B1120BF95100032DCA0 /* Products */;
			projectDirPath = "";
			projectRoot = "";
			targets = (
				129E4B0F20BF95100032DCA0 /* KW_Extension */,
				129E4B2720BF95120032DCA0 /* KW_ExtensionTests */,
				129E4B3220BF95120032DCA0 /* KW_ExtensionUITests */,
			);
		};
/* End PBXProject section */

/* Begin PBXResourcesBuildPhase section */
		129E4B0E20BF95100032DCA0 /* Resources */ = {
			isa = PBXResourcesBuildPhase;
			buildActionMask = 2147483647;
			files = (
				1263A48C20CE5670001143B4 /* KW_Modules.plist in Resources */,
				129E4B2020BF95120032DCA0 /* LaunchScreen.storyboard in Resources */,
				129E4B1D20BF95120032DCA0 /* Assets.xcassets in Resources */,
				129E4B1B20BF95100032DCA0 /* Main.storyboard in Resources */,
			);
			runOnlyForDeploymentPostprocessing = 0;
		};
		129E4B2620BF95120032DCA0 /* Resources */ = {
			isa = PBXResourcesBuildPhase;
			buildActionMask = 2147483647;
			files = (
			);
			runOnlyForDeploymentPostprocessing = 0;
		};
		129E4B3120BF95120032DCA0 /* Resources */ = {
			isa = PBXResourcesBuildPhase;
			buildActionMask = 2147483647;
			files = (
			);
			runOnlyForDeploymentPostprocessing = 0;
		};
/* End PBXResourcesBuildPhase section */

/* Begin PBXSourcesBuildPhase section */
		129E4B0C20BF95100032DCA0 /* Sources */ = {
			isa = PBXSourcesBuildPhase;
			buildActionMask = 2147483647;
			files = (
				128C9B6620CA6C6300993B9B /* NSArray+KW_SafeArray.m in Sources */,
				1263A49B20CE5D07001143B4 /* KW_BaseModule.m in Sources */,
				129E4B1820BF95100032DCA0 /* ViewController.m in Sources */,
				1263A49520CE5939001143B4 /* KW_UserLocationModule.m in Sources */,
				129E4B4B20BF95E40032DCA0 /* KW_Function.m in Sources */,
				129E4B2320BF95120032DCA0 /* main.m in Sources */,
				3E26484E20EBBD1C00595655 /* UIView+HXLoadFromNib.m in Sources */,
				3E691CB120CFF51E00CC3E29 /* HXMaker.m in Sources */,
				1263A49220CE5920001143B4 /* KW_AppVersionModule.m in Sources */,
				1263A48A20CE5290001143B4 /* KW_AppDelegateModule.m in Sources */,
				128C9B6C20CA6D2B00993B9B /* NSDictionary+KW_SafeDictionary.m in Sources */,
				3E691CB420D00CFF00CC3E29 /* UIScreen+HXScreen.m in Sources */,
				129E4B5420BF98940032DCA0 /* UIView+KW_ViewFrame.m in Sources */,
				1263A48F20CE5910001143B4 /* KW_NotificationModule.m in Sources */,
				1263A49820CE5CD1001143B4 /* KW_ThirdPlatformModule.m in Sources */,
				129E4B1520BF95100032DCA0 /* AppDelegate.m in Sources */,
				128C9B6920CA6CC800993B9B /* NSObject+KW_MethodSwizzling.m in Sources */,
				129E4B4820BF95610032DCA0 /* KW_Extension.m in Sources */,
			);
			runOnlyForDeploymentPostprocessing = 0;
		};
		129E4B2420BF95120032DCA0 /* Sources */ = {
			isa = PBXSourcesBuildPhase;
			buildActionMask = 2147483647;
			files = (
				129E4B2D20BF95120032DCA0 /* KW_ExtensionTests.m in Sources */,
			);
			runOnlyForDeploymentPostprocessing = 0;
		};
		129E4B2F20BF95120032DCA0 /* Sources */ = {
			isa = PBXSourcesBuildPhase;
			buildActionMask = 2147483647;
			files = (
				129E4B3820BF95120032DCA0 /* KW_ExtensionUITests.m in Sources */,
			);
			runOnlyForDeploymentPostprocessing = 0;
		};
/* End PBXSourcesBuildPhase section */

/* Begin PBXTargetDependency section */
		129E4B2A20BF95120032DCA0 /* PBXTargetDependency */ = {
			isa = PBXTargetDependency;
			target = 129E4B0F20BF95100032DCA0 /* KW_Extension */;
			targetProxy = 129E4B2920BF95120032DCA0 /* PBXContainerItemProxy */;
		};
		129E4B3520BF95120032DCA0 /* PBXTargetDependency */ = {
			isa = PBXTargetDependency;
			target = 129E4B0F20BF95100032DCA0 /* KW_Extension */;
			targetProxy = 129E4B3420BF95120032DCA0 /* PBXContainerItemProxy */;
		};
/* End PBXTargetDependency section */

/* Begin PBXVariantGroup section */
		129E4B1920BF95100032DCA0 /* Main.storyboard */ = {
			isa = PBXVariantGroup;
			children = (
				129E4B1A20BF95100032DCA0 /* Base */,
			);
			name = Main.storyboard;
			sourceTree = "<group>";
		};
		129E4B1E20BF95120032DCA0 /* LaunchScreen.storyboard */ = {
			isa = PBXVariantGroup;
			children = (
				129E4B1F20BF95120032DCA0 /* Base */,
			);
			name = LaunchScreen.storyboard;
			sourceTree = "<group>";
		};
/* End PBXVariantGroup section */

/* Begin XCBuildConfiguration section */
		129E4B3A20BF95120032DCA0 /* Debug */ = {
			isa = XCBuildConfiguration;
			buildSettings = {
				ALWAYS_SEARCH_USER_PATHS = NO;
				CLANG_ANALYZER_NONNULL = YES;
				CLANG_ANALYZER_NUMBER_OBJECT_CONVERSION = YES_AGGRESSIVE;
				CLANG_CXX_LANGUAGE_STANDARD = "gnu++14";
				CLANG_CXX_LIBRARY = "libc++";
				CLANG_ENABLE_MODULES = YES;
				CLANG_ENABLE_OBJC_ARC = YES;
				CLANG_ENABLE_OBJC_WEAK = YES;
				CLANG_WARN_BLOCK_CAPTURE_AUTORELEASING = YES;
				CLANG_WARN_BOOL_CONVERSION = YES;
				CLANG_WARN_COMMA = YES;
				CLANG_WARN_CONSTANT_CONVERSION = YES;
				CLANG_WARN_DEPRECATED_OBJC_IMPLEMENTATIONS = YES;
				CLANG_WARN_DIRECT_OBJC_ISA_USAGE = YES_ERROR;
				CLANG_WARN_DOCUMENTATION_COMMENTS = YES;
				CLANG_WARN_EMPTY_BODY = YES;
				CLANG_WARN_ENUM_CONVERSION = YES;
				CLANG_WARN_INFINITE_RECURSION = YES;
				CLANG_WARN_INT_CONVERSION = YES;
				CLANG_WARN_NON_LITERAL_NULL_CONVERSION = YES;
				CLANG_WARN_OBJC_IMPLICIT_RETAIN_SELF = YES;
				CLANG_WARN_OBJC_LITERAL_CONVERSION = YES;
				CLANG_WARN_OBJC_ROOT_CLASS = YES_ERROR;
				CLANG_WARN_RANGE_LOOP_ANALYSIS = YES;
				CLANG_WARN_STRICT_PROTOTYPES = YES;
				CLANG_WARN_SUSPICIOUS_MOVE = YES;
				CLANG_WARN_UNGUARDED_AVAILABILITY = YES_AGGRESSIVE;
				CLANG_WARN_UNREACHABLE_CODE = YES;
				CLANG_WARN__DUPLICATE_METHOD_MATCH = YES;
				CODE_SIGN_IDENTITY = "iPhone Developer";
				COPY_PHASE_STRIP = NO;
				DEBUG_INFORMATION_FORMAT = dwarf;
				ENABLE_STRICT_OBJC_MSGSEND = YES;
				ENABLE_TESTABILITY = YES;
				GCC_C_LANGUAGE_STANDARD = gnu11;
				GCC_DYNAMIC_NO_PIC = NO;
				GCC_NO_COMMON_BLOCKS = YES;
				GCC_OPTIMIZATION_LEVEL = 0;
				GCC_PREPROCESSOR_DEFINITIONS = (
					"DEBUG=1",
					"$(inherited)",
				);
				GCC_WARN_64_TO_32_BIT_CONVERSION = YES;
				GCC_WARN_ABOUT_RETURN_TYPE = YES_ERROR;
				GCC_WARN_UNDECLARED_SELECTOR = YES;
				GCC_WARN_UNINITIALIZED_AUTOS = YES_AGGRESSIVE;
				GCC_WARN_UNUSED_FUNCTION = YES;
				GCC_WARN_UNUSED_VARIABLE = YES;
				IPHONEOS_DEPLOYMENT_TARGET = 11.3;
				MTL_ENABLE_DEBUG_INFO = YES;
				ONLY_ACTIVE_ARCH = YES;
				SDKROOT = iphoneos;
			};
			name = Debug;
		};
		129E4B3B20BF95120032DCA0 /* Release */ = {
			isa = XCBuildConfiguration;
			buildSettings = {
				ALWAYS_SEARCH_USER_PATHS = NO;
				CLANG_ANALYZER_NONNULL = YES;
				CLANG_ANALYZER_NUMBER_OBJECT_CONVERSION = YES_AGGRESSIVE;
				CLANG_CXX_LANGUAGE_STANDARD = "gnu++14";
				CLANG_CXX_LIBRARY = "libc++";
				CLANG_ENABLE_MODULES = YES;
				CLANG_ENABLE_OBJC_ARC = YES;
				CLANG_ENABLE_OBJC_WEAK = YES;
				CLANG_WARN_BLOCK_CAPTURE_AUTORELEASING = YES;
				CLANG_WARN_BOOL_CONVERSION = YES;
				CLANG_WARN_COMMA = YES;
				CLANG_WARN_CONSTANT_CONVERSION = YES;
				CLANG_WARN_DEPRECATED_OBJC_IMPLEMENTATIONS = YES;
				CLANG_WARN_DIRECT_OBJC_ISA_USAGE = YES_ERROR;
				CLANG_WARN_DOCUMENTATION_COMMENTS = YES;
				CLANG_WARN_EMPTY_BODY = YES;
				CLANG_WARN_ENUM_CONVERSION = YES;
				CLANG_WARN_INFINITE_RECURSION = YES;
				CLANG_WARN_INT_CONVERSION = YES;
				CLANG_WARN_NON_LITERAL_NULL_CONVERSION = YES;
				CLANG_WARN_OBJC_IMPLICIT_RETAIN_SELF = YES;
				CLANG_WARN_OBJC_LITERAL_CONVERSION = YES;
				CLANG_WARN_OBJC_ROOT_CLASS = YES_ERROR;
				CLANG_WARN_RANGE_LOOP_ANALYSIS = YES;
				CLANG_WARN_STRICT_PROTOTYPES = YES;
				CLANG_WARN_SUSPICIOUS_MOVE = YES;
				CLANG_WARN_UNGUARDED_AVAILABILITY = YES_AGGRESSIVE;
				CLANG_WARN_UNREACHABLE_CODE = YES;
				CLANG_WARN__DUPLICATE_METHOD_MATCH = YES;
				CODE_SIGN_IDENTITY = "iPhone Developer";
				COPY_PHASE_STRIP = NO;
				DEBUG_INFORMATION_FORMAT = "dwarf-with-dsym";
				ENABLE_NS_ASSERTIONS = NO;
				ENABLE_STRICT_OBJC_MSGSEND = YES;
				GCC_C_LANGUAGE_STANDARD = gnu11;
				GCC_NO_COMMON_BLOCKS = YES;
				GCC_WARN_64_TO_32_BIT_CONVERSION = YES;
				GCC_WARN_ABOUT_RETURN_TYPE = YES_ERROR;
				GCC_WARN_UNDECLARED_SELECTOR = YES;
				GCC_WARN_UNINITIALIZED_AUTOS = YES_AGGRESSIVE;
				GCC_WARN_UNUSED_FUNCTION = YES;
				GCC_WARN_UNUSED_VARIABLE = YES;
				IPHONEOS_DEPLOYMENT_TARGET = 11.3;
				MTL_ENABLE_DEBUG_INFO = NO;
				SDKROOT = iphoneos;
				VALIDATE_PRODUCT = YES;
			};
			name = Release;
		};
		129E4B3D20BF95120032DCA0 /* Debug */ = {
			isa = XCBuildConfiguration;
			buildSettings = {
				ASSETCATALOG_COMPILER_APPICON_NAME = AppIcon;
				CODE_SIGN_STYLE = Automatic;
				DEVELOPMENT_TEAM = Q678824HMX;
				INFOPLIST_FILE = KW_Extension/Info.plist;
				IPHONEOS_DEPLOYMENT_TARGET = 8.0;
				LD_RUNPATH_SEARCH_PATHS = (
					"$(inherited)",
					"@executable_path/Frameworks",
				);
				PRODUCT_BUNDLE_IDENTIFIER = "com.XRBSFnance.KW-Extension";
				PRODUCT_NAME = "$(TARGET_NAME)";
				TARGETED_DEVICE_FAMILY = "1,2";
			};
			name = Debug;
		};
		129E4B3E20BF95120032DCA0 /* Release */ = {
			isa = XCBuildConfiguration;
			buildSettings = {
				ASSETCATALOG_COMPILER_APPICON_NAME = AppIcon;
				CODE_SIGN_STYLE = Automatic;
				DEVELOPMENT_TEAM = Q678824HMX;
				INFOPLIST_FILE = KW_Extension/Info.plist;
				IPHONEOS_DEPLOYMENT_TARGET = 8.0;
				LD_RUNPATH_SEARCH_PATHS = (
					"$(inherited)",
					"@executable_path/Frameworks",
				);
				PRODUCT_BUNDLE_IDENTIFIER = "com.XRBSFnance.KW-Extension";
				PRODUCT_NAME = "$(TARGET_NAME)";
				TARGETED_DEVICE_FAMILY = "1,2";
			};
			name = Release;
		};
		129E4B4020BF95120032DCA0 /* Debug */ = {
			isa = XCBuildConfiguration;
			buildSettings = {
				BUNDLE_LOADER = "$(TEST_HOST)";
				CODE_SIGN_STYLE = Automatic;
				DEVELOPMENT_TEAM = Q678824HMX;
				INFOPLIST_FILE = KW_ExtensionTests/Info.plist;
				LD_RUNPATH_SEARCH_PATHS = (
					"$(inherited)",
					"@executable_path/Frameworks",
					"@loader_path/Frameworks",
				);
				PRODUCT_BUNDLE_IDENTIFIER = "com.XRBSFnance.KW-ExtensionTests";
				PRODUCT_NAME = "$(TARGET_NAME)";
				TARGETED_DEVICE_FAMILY = "1,2";
				TEST_HOST = "$(BUILT_PRODUCTS_DIR)/KW_Extension.app/KW_Extension";
			};
			name = Debug;
		};
		129E4B4120BF95120032DCA0 /* Release */ = {
			isa = XCBuildConfiguration;
			buildSettings = {
				BUNDLE_LOADER = "$(TEST_HOST)";
				CODE_SIGN_STYLE = Automatic;
				DEVELOPMENT_TEAM = Q678824HMX;
				INFOPLIST_FILE = KW_ExtensionTests/Info.plist;
				LD_RUNPATH_SEARCH_PATHS = (
					"$(inherited)",
					"@executable_path/Frameworks",
					"@loader_path/Frameworks",
				);
				PRODUCT_BUNDLE_IDENTIFIER = "com.XRBSFnance.KW-ExtensionTests";
				PRODUCT_NAME = "$(TARGET_NAME)";
				TARGETED_DEVICE_FAMILY = "1,2";
				TEST_HOST = "$(BUILT_PRODUCTS_DIR)/KW_Extension.app/KW_Extension";
			};
			name = Release;
		};
		129E4B4320BF95120032DCA0 /* Debug */ = {
			isa = XCBuildConfiguration;
			buildSettings = {
				CODE_SIGN_STYLE = Automatic;
				DEVELOPMENT_TEAM = Q678824HMX;
				INFOPLIST_FILE = KW_ExtensionUITests/Info.plist;
				LD_RUNPATH_SEARCH_PATHS = (
					"$(inherited)",
					"@executable_path/Frameworks",
					"@loader_path/Frameworks",
				);
				PRODUCT_BUNDLE_IDENTIFIER = "com.XRBSFnance.KW-ExtensionUITests";
				PRODUCT_NAME = "$(TARGET_NAME)";
				TARGETED_DEVICE_FAMILY = "1,2";
				TEST_TARGET_NAME = KW_Extension;
			};
			name = Debug;
		};
		129E4B4420BF95120032DCA0 /* Release */ = {
			isa = XCBuildConfiguration;
			buildSettings = {
				CODE_SIGN_STYLE = Automatic;
				DEVELOPMENT_TEAM = Q678824HMX;
				INFOPLIST_FILE = KW_ExtensionUITests/Info.plist;
				LD_RUNPATH_SEARCH_PATHS = (
					"$(inherited)",
					"@executable_path/Frameworks",
					"@loader_path/Frameworks",
				);
				PRODUCT_BUNDLE_IDENTIFIER = "com.XRBSFnance.KW-ExtensionUITests";
				PRODUCT_NAME = "$(TARGET_NAME)";
				TARGETED_DEVICE_FAMILY = "1,2";
				TEST_TARGET_NAME = KW_Extension;
			};
			name = Release;
		};
/* End XCBuildConfiguration section */

/* Begin XCConfigurationList section */
		129E4B0B20BF95100032DCA0 /* Build configuration list for PBXProject "KW_Extension" */ = {
			isa = XCConfigurationList;
			buildConfigurations = (
				129E4B3A20BF95120032DCA0 /* Debug */,
				129E4B3B20BF95120032DCA0 /* Release */,
			);
			defaultConfigurationIsVisible = 0;
			defaultConfigurationName = Release;
		};
		129E4B3C20BF95120032DCA0 /* Build configuration list for PBXNativeTarget "KW_Extension" */ = {
			isa = XCConfigurationList;
			buildConfigurations = (
				129E4B3D20BF95120032DCA0 /* Debug */,
				129E4B3E20BF95120032DCA0 /* Release */,
			);
			defaultConfigurationIsVisible = 0;
			defaultConfigurationName = Release;
		};
		129E4B3F20BF95120032DCA0 /* Build configuration list for PBXNativeTarget "KW_ExtensionTests" */ = {
			isa = XCConfigurationList;
			buildConfigurations = (
				129E4B4020BF95120032DCA0 /* Debug */,
				129E4B4120BF95120032DCA0 /* Release */,
			);
			defaultConfigurationIsVisible = 0;
			defaultConfigurationName = Release;
		};
		129E4B4220BF95120032DCA0 /* Build configuration list for PBXNativeTarget "KW_ExtensionUITests" */ = {
			isa = XCConfigurationList;
			buildConfigurations = (
				129E4B4320BF95120032DCA0 /* Debug */,
				129E4B4420BF95120032DCA0 /* Release */,
			);
			defaultConfigurationIsVisible = 0;
			defaultConfigurationName = Release;
		};
/* End XCConfigurationList section */
	};
	rootObject = 129E4B0820BF95100032DCA0 /* Project object */;
}
